GEM
  remote: http://rubygems.org/
  specs:
    addressable (2.2.8)
    childprocess (0.3.2)
      ffi (~> 1.0.6)
    cmdparse (2.0.3)
    ffi (1.0.11)
    highline (1.6.2)
    json (1.4.6)
    libwebsocket (0.1.3)
      addressable
    mime-types (1.16)
    multi_json (1.3.4)
    net-ssh (2.2.1)
    net-ssh-gateway (1.1.0)
      net-ssh (>= 1.99.1)
    rake (0.9.2.2)
    rest-client (1.6.7)
      mime-types (>= 1.16)
    rubyzip (0.9.8)
    sauce (1.0.2)
      childprocess (>= 0.1.6)
      cmdparse (>= 2.0.2)
      highline (>= 1.5.0)
      json (>= 1.2.0)
      net-ssh
      net-ssh-gateway
      rest-client
      selenium-webdriver (>= 0.1.4)
    selenium-webdriver (2.21.2)
      childprocess (>= 0.2.5)
      ffi (~> 1.0)
      libwebsocket (~> 0.1.3)
      multi_json (~> 1.0)
      rubyzip
    zip (2.0.2)

PLATFORMS
  ruby

DEPENDENCIES
  json
  rake
  sauce
  selenium-webdriver (>= 2.19.0)
  zip
